
Microsoft Visual Studio Solution File, Format Version 12.00
# Visual Studio 15
VisualStudioVersion = 15.0.27703.2026
MinimumVisualStudioVersion = 10.0.40219.1
Project("{FAE04EC0-301F-11D3-BF4B-00C04F79EFBC}") = "WpfApp1", "WpfApp1\WpfApp1.csproj", "{44763B58-6446-451C-8FDE-6507E223DAAC}"
EndProject
Global
	GlobalSection(SolutionConfigurationPlatforms) = preSolution
		Debug|Any CPU = Debug|Any CPU
		Release|Any CPU = Release|Any CPU
	EndGlobalSection
	GlobalSection(ProjectConfigurationPlatforms) = postSolution
		{44763B58-6446-451C-8FDE-6507E223DAAC}.Debug|Any CPU.ActiveCfg = Debug|Any CPU
		{44763B58-6446-451C-8FDE-6507E223DAAC}.Debug|Any CPU.Build.0 = Debug|Any CPU
		{44763B58-6446-451C-8FDE-6507E223DAAC}.Release|Any CPU.ActiveCfg = Release|Any CPU
		{44763B58-6446-451C-8FDE-6507E223DAAC}.Release|Any CPU.Build.0 = Release|Any CPU
	EndGlobalSection
	GlobalSection(SolutionProperties) = preSolution
		HideSolutionNode = FALSE
	EndGlobalSection
	GlobalSection(ExtensibilityGlobals) = postSolution
		SolutionGuid = {41E74305-3911-4804-8915-FE2C831A239A}
	EndGlobalSection
EndGlobal
